
Microsoft Visual Studio Solution File, Format Version 12.00
# Visual Studio Version 16
VisualStudioVersion = 16.0.28705.295
MinimumVisualStudioVersion = 10.0.40219.1
Project("{2150E333-8FDC-42A3-9474-1A3956D46DE8}") = "src", "src", "{3E7A7591-7DEA-4064-9F81-F0DA07CEF4F1}"
EndProject
Project("{9A19103F-16F7-4668-BE54-9A1E7A4F7556}") = "Identity.Api", "src\Identity.Api\Identity.Api.csproj", "{7B1845BC-6924-432A-AA5D-5E265009EA4F}"
EndProject
Project("{9A19103F-16F7-4668-BE54-9A1E7A4F7556}") = "Domain", "src\Domain\Domain.csproj", "{0F3502D6-A06F-45DA-BFFE-7AC01AE1E905}"
EndProject
Project("{9A19103F-16F7-4668-BE54-9A1E7A4F7556}") = "Application", "src\Application\Application.csproj", "{42063CEA-F96F-4346-B242-3EC27F8EC40A}"
EndProject
Project("{9A19103F-16F7-4668-BE54-9A1E7A4F7556}") = "Infrastructure", "src\Infrastructure\Infrastructure.csproj", "{5E13A006-CBCA-4AE9-BA0D-BA7B6BCB631F}"
EndProject
Project("{2150E333-8FDC-42A3-9474-1A3956D46DE8}") = "tests", "tests", "{1C99EBE1-3E4A-4B23-AF62-1A572A4D7DA2}"
EndProject
Project("{9A19103F-16F7-4668-BE54-9A1E7A4F7556}") = "UnitTests", "tests\UnitTests\UnitTests.csproj", "{E79258FA-9449-421E-8BE9-292596E5F415}"
EndProject
Project("{9A19103F-16F7-4668-BE54-9A1E7A4F7556}") = "IntegrationTests", "tests\IntegrationTests\IntegrationTests.csproj", "{A703EB5D-FDE6-48EE-80AB-CE6A2EA62EDF}"
EndProject
Project("{2150E333-8FDC-42A3-9474-1A3956D46DE8}") = "Solution Items", "Solution Items", "{A728C499-39A7-4074-BA2E-B01C72EC62D6}"
	ProjectSection(SolutionItems) = preProject
		README.md = README.md
	EndProjectSection
EndProject
Project("{E53339B2-1760-4266-BCC7-CA923CBCF16C}") = "docker-compose", "docker-compose.dcproj", "{B27D3D79-7859-4350-A7AD-F98D71554393}"
EndProject
Global
	GlobalSection(SolutionConfigurationPlatforms) = preSolution
		Debug|Any CPU = Debug|Any CPU
		Release|Any CPU = Release|Any CPU
	EndGlobalSection
	GlobalSection(ProjectConfigurationPlatforms) = postSolution
		{7B1845BC-6924-432A-AA5D-5E265009EA4F}.Debug|Any CPU.ActiveCfg = Debug|Any CPU
		{7B1845BC-6924-432A-AA5D-5E265009EA4F}.Debug|Any CPU.Build.0 = Debug|Any CPU
		{7B1845BC-6924-432A-AA5D-5E265009EA4F}.Release|Any CPU.ActiveCfg = Release|Any CPU
		{7B1845BC-6924-432A-AA5D-5E265009EA4F}.Release|Any CPU.Build.0 = Release|Any CPU
		{0F3502D6-A06F-45DA-BFFE-7AC01AE1E905}.Debug|Any CPU.ActiveCfg = Debug|Any CPU
		{0F3502D6-A06F-45DA-BFFE-7AC01AE1E905}.Debug|Any CPU.Build.0 = Debug|Any CPU
		{0F3502D6-A06F-45DA-BFFE-7AC01AE1E905}.Release|Any CPU.ActiveCfg = Release|Any CPU
		{0F3502D6-A06F-45DA-BFFE-7AC01AE1E905}.Release|Any CPU.Build.0 = Release|Any CPU
		{42063CEA-F96F-4346-B242-3EC27F8EC40A}.Debug|Any CPU.ActiveCfg = Debug|Any CPU
		{42063CEA-F96F-4346-B242-3EC27F8EC40A}.Debug|Any CPU.Build.0 = Debug|Any CPU
		{42063CEA-F96F-4346-B242-3EC27F8EC40A}.Release|Any CPU.ActiveCfg = Release|Any CPU
		{42063CEA-F96F-4346-B242-3EC27F8EC40A}.Release|Any CPU.Build.0 = Release|Any CPU
		{5E13A006-CBCA-4AE9-BA0D-BA7B6BCB631F}.Debug|Any CPU.ActiveCfg = Debug|Any CPU
		{5E13A006-CBCA-4AE9-BA0D-BA7B6BCB631F}.Debug|Any CPU.Build.0 = Debug|Any CPU
		{5E13A006-CBCA-4AE9-BA0D-BA7B6BCB631F}.Release|Any CPU.ActiveCfg = Release|Any CPU
		{5E13A006-CBCA-4AE9-BA0D-BA7B6BCB631F}.Release|Any CPU.Build.0 = Release|Any CPU
		{E79258FA-9449-421E-8BE9-292596E5F415}.Debug|Any CPU.ActiveCfg = Debug|Any CPU
		{E79258FA-9449-421E-8BE9-292596E5F415}.Debug|Any CPU.Build.0 = Debug|Any CPU
		{E79258FA-9449-421E-8BE9-292596E5F415}.Release|Any CPU.ActiveCfg = Release|Any CPU
		{E79258FA-9449-421E-8BE9-292596E5F415}.Release|Any CPU.Build.0 = Release|Any CPU
		{A703EB5D-FDE6-48EE-80AB-CE6A2EA62EDF}.Debug|Any CPU.ActiveCfg = Debug|Any CPU
		{A703EB5D-FDE6-48EE-80AB-CE6A2EA62EDF}.Debug|Any CPU.Build.0 = Debug|Any CPU
		{A703EB5D-FDE6-48EE-80AB-CE6A2EA62EDF}.Release|Any CPU.ActiveCfg = Release|Any CPU
		{A703EB5D-FDE6-48EE-80AB-CE6A2EA62EDF}.Release|Any CPU.Build.0 = Release|Any CPU
		{B27D3D79-7859-4350-A7AD-F98D71554393}.Debug|Any CPU.ActiveCfg = Debug|Any CPU
		{B27D3D79-7859-4350-A7AD-F98D71554393}.Debug|Any CPU.Build.0 = Debug|Any CPU
		{B27D3D79-7859-4350-A7AD-F98D71554393}.Release|Any CPU.ActiveCfg = Release|Any CPU
		{B27D3D79-7859-4350-A7AD-F98D71554393}.Release|Any CPU.Build.0 = Release|Any CPU
	EndGlobalSection
	GlobalSection(SolutionProperties) = preSolution
		HideSolutionNode = FALSE
	EndGlobalSection
	GlobalSection(NestedProjects) = preSolution
		{7B1845BC-6924-432A-AA5D-5E265009EA4F} = {3E7A7591-7DEA-4064-9F81-F0DA07CEF4F1}
		{0F3502D6-A06F-45DA-BFFE-7AC01AE1E905} = {3E7A7591-7DEA-4064-9F81-F0DA07CEF4F1}
		{42063CEA-F96F-4346-B242-3EC27F8EC40A} = {3E7A7591-7DEA-4064-9F81-F0DA07CEF4F1}
		{5E13A006-CBCA-4AE9-BA0D-BA7B6BCB631F} = {3E7A7591-7DEA-4064-9F81-F0DA07CEF4F1}
		{E79258FA-9449-421E-8BE9-292596E5F415} = {1C99EBE1-3E4A-4B23-AF62-1A572A4D7DA2}
		{A703EB5D-FDE6-48EE-80AB-CE6A2EA62EDF} = {1C99EBE1-3E4A-4B23-AF62-1A572A4D7DA2}
	EndGlobalSection
	GlobalSection(ExtensibilityGlobals) = postSolution
		SolutionGuid = {AD9F33E1-826D-4DAC-BFF5-2FB018CA2607}
	EndGlobalSection
EndGlobal
